
Microsoft Visual Studio Solution File, Format Version 12.00
# Visual Studio 15
VisualStudioVersion = 15.0.28010.2036
MinimumVisualStudioVersion = 10.0.40219.1
Project("{FAE04EC0-301F-11D3-BF4B-00C04F79EFBC}") = "OJStatusCrawler", "OJStatusCrawler\OJStatusCrawler.csproj", "{A5F17722-95D0-4E6C-81FB-94DEA4DF4A1D}"
EndProject
Global
	GlobalSection(SolutionConfigurationPlatforms) = preSolution
		Debug|Any CPU = Debug|Any CPU
		Release|Any CPU = Release|Any CPU
	EndGlobalSection
	GlobalSection(ProjectConfigurationPlatforms) = postSolution
		{A5F17722-95D0-4E6C-81FB-94DEA4DF4A1D}.Debug|Any CPU.ActiveCfg = Debug|Any CPU
		{A5F17722-95D0-4E6C-81FB-94DEA4DF4A1D}.Debug|Any CPU.Build.0 = Debug|Any CPU
		{A5F17722-95D0-4E6C-81FB-94DEA4DF4A1D}.Release|Any CPU.ActiveCfg = Release|Any CPU
		{A5F17722-95D0-4E6C-81FB-94DEA4DF4A1D}.Release|Any CPU.Build.0 = Release|Any CPU
	EndGlobalSection
	GlobalSection(SolutionProperties) = preSolution
		HideSolutionNode = FALSE
	EndGlobalSection
	GlobalSection(ExtensibilityGlobals) = postSolution
		SolutionGuid = {8A3D58EB-9DE3-4036-88F4-A4D1850B79F4}
	EndGlobalSection
EndGlobal
